
Microsoft Visual Studio Solution File, Format Version 12.00
# Visual Studio Version 16
VisualStudioVersion = 16.0.32126.315
MinimumVisualStudioVersion = 10.0.40219.1
Project("{FAE04EC0-301F-11D3-BF4B-00C04F79EFBC}") = "BlankPrismUnityApp", "BlankPrismUnityApp\BlankPrismUnityApp\BlankPrismUnityApp.csproj", "{592C12FA-9AF6-4EEC-A5E9-344E7CF6BDDC}"
EndProject
Project("{FAE04EC0-301F-11D3-BF4B-00C04F79EFBC}") = "BlankPrismUnityApp.Android", "BlankPrismUnityApp\BlankPrismUnityApp.Android\BlankPrismUnityApp.Android.csproj", "{2F75783B-519F-48DE-B3DD-C430190FF1A3}"
EndProject
Project("{FAE04EC0-301F-11D3-BF4B-00C04F79EFBC}") = "BlankPrismUnityApp.iOS", "BlankPrismUnityApp\BlankPrismUnityApp.iOS\BlankPrismUnityApp.iOS.csproj", "{8199CA54-42DB-4ED6-B16A-6A615D3098CD}"
EndProject
Project("{FAE04EC0-301F-11D3-BF4B-00C04F79EFBC}") = "BlankPrismUnityApp.UWP", "BlankPrismUnityApp\BlankPrismUnityApp.UWP\BlankPrismUnityApp.UWP.csproj", "{E6A49060-1587-415C-8C23-8762670BC87F}"
EndProject
Global
	GlobalSection(SolutionConfigurationPlatforms) = preSolution
		Ad-Hoc|Any CPU = Ad-Hoc|Any CPU
		Ad-Hoc|ARM = Ad-Hoc|ARM
		Ad-Hoc|iPhone = Ad-Hoc|iPhone
		Ad-Hoc|iPhoneSimulator = Ad-Hoc|iPhoneSimulator
		Ad-Hoc|x64 = Ad-Hoc|x64
		Ad-Hoc|x86 = Ad-Hoc|x86
		AppStore|Any CPU = AppStore|Any CPU
		AppStore|ARM = AppStore|ARM
		AppStore|iPhone = AppStore|iPhone
		AppStore|iPhoneSimulator = AppStore|iPhoneSimulator
		AppStore|x64 = AppStore|x64
		AppStore|x86 = AppStore|x86
		Debug|Any CPU = Debug|Any CPU
		Debug|ARM = Debug|ARM
		Debug|iPhone = Debug|iPhone
		Debug|iPhoneSimulator = Debug|iPhoneSimulator
		Debug|x64 = Debug|x64
		Debug|x86 = Debug|x86
		Release|Any CPU = Release|Any CPU
		Release|ARM = Release|ARM
		Release|iPhone = Release|iPhone
		Release|iPhoneSimulator = Release|iPhoneSimulator
		Release|x64 = Release|x64
		Release|x86 = Release|x86
	EndGlobalSection
	GlobalSection(ProjectConfigurationPlatforms) = postSolution
		{592C12FA-9AF6-4EEC-A5E9-344E7CF6BDDC}.Ad-Hoc|Any CPU.ActiveCfg = Debug|Any CPU
		{592C12FA-9AF6-4EEC-A5E9-344E7CF6BDDC}.Ad-Hoc|Any CPU.Build.0 = Debug|Any CPU
		{592C12FA-9AF6-4EEC-A5E9-344E7CF6BDDC}.Ad-Hoc|ARM.ActiveCfg = Debug|Any CPU
		{592C12FA-9AF6-4EEC-A5E9-344E7CF6BDDC}.Ad-Hoc|ARM.Build.0 = Debug|Any CPU
		{592C12FA-9AF6-4EEC-A5E9-344E7CF6BDDC}.Ad-Hoc|iPhone.ActiveCfg = Debug|Any CPU
		{592C12FA-9AF6-4EEC-A5E9-344E7CF6BDDC}.Ad-Hoc|iPhone.Build.0 = Debug|Any CPU
		{592C12FA-9AF6-4EEC-A5E9-344E7CF6BDDC}.Ad-Hoc|iPhoneSimulator.ActiveCfg = Debug|Any CPU
		{592C12FA-9AF6-4EEC-A5E9-344E7CF6BDDC}.Ad-Hoc|iPhoneSimulator.Build.0 = Debug|Any CPU
		{592C12FA-9AF6-4EEC-A5E9-344E7CF6BDDC}.Ad-Hoc|x64.ActiveCfg = Debug|Any CPU
		{592C12FA-9AF6-4EEC-A5E9-344E7CF6BDDC}.Ad-Hoc|x64.Build.0 = Debug|Any CPU
		{592C12FA-9AF6-4EEC-A5E9-344E7CF6BDDC}.Ad-Hoc|x86.ActiveCfg = Debug|Any CPU
		{592C12FA-9AF6-4EEC-A5E9-344E7CF6BDDC}.Ad-Hoc|x86.Build.0 = Debug|Any CPU
		{592C12FA-9AF6-4EEC-A5E9-344E7CF6BDDC}.AppStore|Any CPU.ActiveCfg = Debug|Any CPU
		{592C12FA-9AF6-4EEC-A5E9-344E7CF6BDDC}.AppStore|Any CPU.Build.0 = Debug|Any CPU
		{592C12FA-9AF6-4EEC-A5E9-344E7CF6BDDC}.AppStore|ARM.ActiveCfg = Debug|Any CPU
		{592C12FA-9AF6-4EEC-A5E9-344E7CF6BDDC}.AppStore|ARM.Build.0 = Debug|Any CPU
		{592C12FA-9AF6-4EEC-A5E9-344E7CF6BDDC}.AppStore|iPhone.ActiveCfg = Debug|Any CPU
		{592C12FA-9AF6-4EEC-A5E9-344E7CF6BDDC}.AppStore|iPhone.Build.0 = Debug|Any CPU
		{592C12FA-9AF6-4EEC-A5E9-344E7CF6BDDC}.AppStore|iPhoneSimulator.ActiveCfg = Debug|Any CPU
		{592C12FA-9AF6-4EEC-A5E9-344E7CF6BDDC}.AppStore|iPhoneSimulator.Build.0 = Debug|Any CPU
		{592C12FA-9AF6-4EEC-A5E9-344E7CF6BDDC}.AppStore|x64.ActiveCfg = Debug|Any CPU
		{592C12FA-9AF6-4EEC-A5E9-344E7CF6BDDC}.AppStore|x64.Build.0 = Debug|Any CPU
		{592C12FA-9AF6-4EEC-A5E9-344E7CF6BDDC}.AppStore|x86.ActiveCfg = Debug|Any CPU
		{592C12FA-9AF6-4EEC-A5E9-344E7CF6BDDC}.AppStore|x86.Build.0 = Debug|Any CPU
		{592C12FA-9AF6-4EEC-A5E9-344E7CF6BDDC}.Debug|Any CPU.ActiveCfg = Debug|Any CPU
		{592C12FA-9AF6-4EEC-A5E9-344E7CF6BDDC}.Debug|Any CPU.Build.0 = Debug|Any CPU
		{592C12FA-9AF6-4EEC-A5E9-344E7CF6BDDC}.Debug|ARM.ActiveCfg = Debug|Any CPU
		{592C12FA-9AF6-4EEC-A5E9-344E7CF6BDDC}.Debug|ARM.Build.0 = Debug|Any CPU
		{592C12FA-9AF6-4EEC-A5E9-344E7CF6BDDC}.Debug|iPhone.ActiveCfg = Debug|Any CPU
		{592C12FA-9AF6-4EEC-A5E9-344E7CF6BDDC}.Debug|iPhone.Build.0 = Debug|Any CPU
		{592C12FA-9AF6-4EEC-A5E9-344E7CF6BDDC}.Debug|iPhoneSimulator.ActiveCfg = Debug|Any CPU
		{592C12FA-9AF6-4EEC-A5E9-344E7CF6BDDC}.Debug|iPhoneSimulator.Build.0 = Debug|Any CPU
		{592C12FA-9AF6-4EEC-A5E9-344E7CF6BDDC}.Debug|x64.ActiveCfg = Debug|Any CPU
		{592C12FA-9AF6-4EEC-A5E9-344E7CF6BDDC}.Debug|x64.Build.0 = Debug|Any CPU
		{592C12FA-9AF6-4EEC-A5E9-344E7CF6BDDC}.Debug|x86.ActiveCfg = Debug|Any CPU
		{592C12FA-9AF6-4EEC-A5E9-344E7CF6BDDC}.Debug|x86.Build.0 = Debug|Any CPU
		{592C12FA-9AF6-4EEC-A5E9-344E7CF6BDDC}.Release|Any CPU.ActiveCfg = Release|Any CPU
		{592C12FA-9AF6-4EEC-A5E9-344E7CF6BDDC}.Release|Any CPU.Build.0 = Release|Any CPU
		{592C12FA-9AF6-4EEC-A5E9-344E7CF6BDDC}.Release|ARM.ActiveCfg = Release|Any CPU
		{592C12FA-9AF6-4EEC-A5E9-344E7CF6BDDC}.Release|ARM.Build.0 = Release|Any CPU
		{592C12FA-9AF6-4EEC-A5E9-344E7CF6BDDC}.Release|iPhone.ActiveCfg = Release|Any CPU
		{592C12FA-9AF6-4EEC-A5E9-344E7CF6BDDC}.Release|iPhone.Build.0 = Release|Any CPU
		{592C12FA-9AF6-4EEC-A5E9-344E7CF6BDDC}.Release|iPhoneSimulator.ActiveCfg = Release|Any CPU
		{592C12FA-9AF6-4EEC-A5E9-344E7CF6BDDC}.Release|iPhoneSimulator.Build.0 = Release|Any CPU
		{592C12FA-9AF6-4EEC-A5E9-344E7CF6BDDC}.Release|x64.ActiveCfg = Release|Any CPU
		{592C12FA-9AF6-4EEC-A5E9-344E7CF6BDDC}.Release|x64.Build.0 = Release|Any CPU
		{592C12FA-9AF6-4EEC-A5E9-344E7CF6BDDC}.Release|x86.ActiveCfg = Release|Any CPU
		{592C12FA-9AF6-4EEC-A5E9-344E7CF6BDDC}.Release|x86.Build.0 = Release|Any CPU
		{2F75783B-519F-48DE-B3DD-C430190FF1A3}.Ad-Hoc|Any CPU.ActiveCfg = Debug|Any CPU
		{2F75783B-519F-48DE-B3DD-C430190FF1A3}.Ad-Hoc|Any CPU.Build.0 = Debug|Any CPU
		{2F75783B-519F-48DE-B3DD-C430190FF1A3}.Ad-Hoc|Any CPU.Deploy.0 = Debug|Any CPU
		{2F75783B-519F-48DE-B3DD-C430190FF1A3}.Ad-Hoc|ARM.ActiveCfg = Debug|Any CPU
		{2F75783B-519F-48DE-B3DD-C430190FF1A3}.Ad-Hoc|ARM.Build.0 = Debug|Any CPU
		{2F75783B-519F-48DE-B3DD-C430190FF1A3}.Ad-Hoc|ARM.Deploy.0 = Debug|Any CPU
		{2F75783B-519F-48DE-B3DD-C430190FF1A3}.Ad-Hoc|iPhone.ActiveCfg = Debug|Any CPU
		{2F75783B-519F-48DE-B3DD-C430190FF1A3}.Ad-Hoc|iPhone.Build.0 = Debug|Any CPU
		{2F75783B-519F-48DE-B3DD-C430190FF1A3}.Ad-Hoc|iPhone.Deploy.0 = Debug|Any CPU
		{2F75783B-519F-48DE-B3DD-C430190FF1A3}.Ad-Hoc|iPhoneSimulator.ActiveCfg = Debug|Any CPU
		{2F75783B-519F-48DE-B3DD-C430190FF1A3}.Ad-Hoc|iPhoneSimulator.Build.0 = Debug|Any CPU
		{2F75783B-519F-48DE-B3DD-C430190FF1A3}.Ad-Hoc|iPhoneSimulator.Deploy.0 = Debug|Any CPU
		{2F75783B-519F-48DE-B3DD-C430190FF1A3}.Ad-Hoc|x64.ActiveCfg = Debug|Any CPU
		{2F75783B-519F-48DE-B3DD-C430190FF1A3}.Ad-Hoc|x64.Build.0 = Debug|Any CPU
		{2F75783B-519F-48DE-B3DD-C430190FF1A3}.Ad-Hoc|x64.Deploy.0 = Debug|Any CPU
		{2F75783B-519F-48DE-B3DD-C430190FF1A3}.Ad-Hoc|x86.ActiveCfg = Debug|Any CPU
		{2F75783B-519F-48DE-B3DD-C430190FF1A3}.Ad-Hoc|x86.Build.0 = Debug|Any CPU
		{2F75783B-519F-48DE-B3DD-C430190FF1A3}.Ad-Hoc|x86.Deploy.0 = Debug|Any CPU
		{2F75783B-519F-48DE-B3DD-C430190FF1A3}.AppStore|Any CPU.ActiveCfg = Debug|Any CPU
		{2F75783B-519F-48DE-B3DD-C430190FF1A3}.AppStore|Any CPU.Build.0 = Debug|Any CPU
		{2F75783B-519F-48DE-B3DD-C430190FF1A3}.AppStore|Any CPU.Deploy.0 = Debug|Any CPU
		{2F75783B-519F-48DE-B3DD-C430190FF1A3}.AppStore|ARM.ActiveCfg = Debug|Any CPU
		{2F75783B-519F-48DE-B3DD-C430190FF1A3}.AppStore|ARM.Build.0 = Debug|Any CPU
		{2F75783B-519F-48DE-B3DD-C430190FF1A3}.AppStore|ARM.Deploy.0 = Debug|Any CPU
		{2F75783B-519F-48DE-B3DD-C430190FF1A3}.AppStore|iPhone.ActiveCfg = Debug|Any CPU
		{2F75783B-519F-48DE-B3DD-C430190FF1A3}.AppStore|iPhone.Build.0 = Debug|Any CPU
		{2F75783B-519F-48DE-B3DD-C430190FF1A3}.AppStore|iPhone.Deploy.0 = Debug|Any CPU
		{2F75783B-519F-48DE-B3DD-C430190FF1A3}.AppStore|iPhoneSimulator.ActiveCfg = Debug|Any CPU
		{2F75783B-519F-48DE-B3DD-C430190FF1A3}.AppStore|iPhoneSimulator.Build.0 = Debug|Any CPU
		{2F75783B-519F-48DE-B3DD-C430190FF1A3}.AppStore|iPhoneSimulator.Deploy.0 = Debug|Any CPU
		{2F75783B-519F-48DE-B3DD-C430190FF1A3}.AppStore|x64.ActiveCfg = Debug|Any CPU
		{2F75783B-519F-48DE-B3DD-C430190FF1A3}.AppStore|x64.Build.0 = Debug|Any CPU
		{2F75783B-519F-48DE-B3DD-C430190FF1A3}.AppStore|x64.Deploy.0 = Debug|Any CPU
		{2F75783B-519F-48DE-B3DD-C430190FF1A3}.AppStore|x86.ActiveCfg = Debug|Any CPU
		{2F75783B-519F-48DE-B3DD-C430190FF1A3}.AppStore|x86.Build.0 = Debug|Any CPU
		{2F75783B-519F-48DE-B3DD-C430190FF1A3}.AppStore|x86.Deploy.0 = Debug|Any CPU
		{2F75783B-519F-48DE-B3DD-C430190FF1A3}.Debug|Any CPU.ActiveCfg = Debug|Any CPU
		{2F75783B-519F-48DE-B3DD-C430190FF1A3}.Debug|Any CPU.Build.0 = Debug|Any CPU
		{2F75783B-519F-48DE-B3DD-C430190FF1A3}.Debug|Any CPU.Deploy.0 = Debug|Any CPU
		{2F75783B-519F-48DE-B3DD-C430190FF1A3}.Debug|ARM.ActiveCfg = Debug|Any CPU
		{2F75783B-519F-48DE-B3DD-C430190FF1A3}.Debug|ARM.Build.0 = Debug|Any CPU
		{2F75783B-519F-48DE-B3DD-C430190FF1A3}.Debug|ARM.Deploy.0 = Debug|Any CPU
		{2F75783B-519F-48DE-B3DD-C430190FF1A3}.Debug|iPhone.ActiveCfg = Debug|Any CPU
		{2F75783B-519F-48DE-B3DD-C430190FF1A3}.Debug|iPhone.Build.0 = Debug|Any CPU
		{2F75783B-519F-48DE-B3DD-C430190FF1A3}.Debug|iPhone.Deploy.0 = Debug|Any CPU
		{2F75783B-519F-48DE-B3DD-C430190FF1A3}.Debug|iPhoneSimulator.ActiveCfg = Debug|Any CPU
		{2F75783B-519F-48DE-B3DD-C430190FF1A3}.Debug|iPhoneSimulator.Build.0 = Debug|Any CPU
		{2F75783B-519F-48DE-B3DD-C430190FF1A3}.Debug|iPhoneSimulator.Deploy.0 = Debug|Any CPU
		{2F75783B-519F-48DE-B3DD-C430190FF1A3}.Debug|x64.ActiveCfg = Debug|Any CPU
		{2F75783B-519F-48DE-B3DD-C430190FF1A3}.Debug|x64.Build.0 = Debug|Any CPU
		{2F75783B-519F-48DE-B3DD-C430190FF1A3}.Debug|x64.Deploy.0 = Debug|Any CPU
		{2F75783B-519F-48DE-B3DD-C430190FF1A3}.Debug|x86.ActiveCfg = Debug|Any CPU
		{2F75783B-519F-48DE-B3DD-C430190FF1A3}.Debug|x86.Build.0 = Debug|Any CPU
		{2F75783B-519F-48DE-B3DD-C430190FF1A3}.Debug|x86.Deploy.0 = Debug|Any CPU
		{2F75783B-519F-48DE-B3DD-C430190FF1A3}.Release|Any CPU.ActiveCfg = Release|Any CPU
		{2F75783B-519F-48DE-B3DD-C430190FF1A3}.Release|Any CPU.Build.0 = Release|Any CPU
		{2F75783B-519F-48DE-B3DD-C430190FF1A3}.Release|Any CPU.Deploy.0 = Release|Any CPU
		{2F75783B-519F-48DE-B3DD-C430190FF1A3}.Release|ARM.ActiveCfg = Release|Any CPU
		{2F75783B-519F-48DE-B3DD-C430190FF1A3}.Release|ARM.Build.0 = Release|Any CPU
		{2F75783B-519F-48DE-B3DD-C430190FF1A3}.Release|ARM.Deploy.0 = Release|Any CPU
		{2F75783B-519F-48DE-B3DD-C430190FF1A3}.Release|iPhone.ActiveCfg = Release|Any CPU
		{2F75783B-519F-48DE-B3DD-C430190FF1A3}.Release|iPhone.Build.0 = Release|Any CPU
		{2F75783B-519F-48DE-B3DD-C430190FF1A3}.Release|iPhone.Deploy.0 = Release|Any CPU
		{2F75783B-519F-48DE-B3DD-C430190FF1A3}.Release|iPhoneSimulator.ActiveCfg = Release|Any CPU
		{2F75783B-519F-48DE-B3DD-C430190FF1A3}.Release|iPhoneSimulator.Build.0 = Release|Any CPU
		{2F75783B-519F-48DE-B3DD-C430190FF1A3}.Release|iPhoneSimulator.Deploy.0 = Release|Any CPU
		{2F75783B-519F-48DE-B3DD-C430190FF1A3}.Release|x64.ActiveCfg = Release|Any CPU
		{2F75783B-519F-48DE-B3DD-C430190FF1A3}.Release|x64.Build.0 = Release|Any CPU
		{2F75783B-519F-48DE-B3DD-C430190FF1A3}.Release|x64.Deploy.0 = Release|Any CPU
		{2F75783B-519F-48DE-B3DD-C430190FF1A3}.Release|x86.ActiveCfg = Release|Any CPU
		{2F75783B-519F-48DE-B3DD-C430190FF1A3}.Release|x86.Build.0 = Release|Any CPU
		{2F75783B-519F-48DE-B3DD-C430190FF1A3}.Release|x86.Deploy.0 = Release|Any CPU
		{8199CA54-42DB-4ED6-B16A-6A615D3098CD}.Ad-Hoc|Any CPU.ActiveCfg = Ad-Hoc|iPhoneSimulator
		{8199CA54-42DB-4ED6-B16A-6A615D3098CD}.Ad-Hoc|ARM.ActiveCfg = Ad-Hoc|iPhoneSimulator
		{8199CA54-42DB-4ED6-B16A-6A615D3098CD}.Ad-Hoc|iPhone.ActiveCfg = Ad-Hoc|iPhone
		{8199CA54-42DB-4ED6-B16A-6A615D3098CD}.Ad-Hoc|iPhone.Build.0 = Ad-Hoc|iPhone
		{8199CA54-42DB-4ED6-B16A-6A615D3098CD}.Ad-Hoc|iPhoneSimulator.ActiveCfg = Ad-Hoc|iPhoneSimulator
		{8199CA54-42DB-4ED6-B16A-6A615D3098CD}.Ad-Hoc|iPhoneSimulator.Build.0 = Ad-Hoc|iPhoneSimulator
		{8199CA54-42DB-4ED6-B16A-6A615D3098CD}.Ad-Hoc|x64.ActiveCfg = Ad-Hoc|iPhoneSimulator
		{8199CA54-42DB-4ED6-B16A-6A615D3098CD}.Ad-Hoc|x86.ActiveCfg = Ad-Hoc|iPhoneSimulator
		{8199CA54-42DB-4ED6-B16A-6A615D3098CD}.AppStore|Any CPU.ActiveCfg = AppStore|iPhoneSimulator
		{8199CA54-42DB-4ED6-B16A-6A615D3098CD}.AppStore|ARM.ActiveCfg = AppStore|iPhoneSimulator
		{8199CA54-42DB-4ED6-B16A-6A615D3098CD}.AppStore|iPhone.ActiveCfg = AppStore|iPhone
		{8199CA54-42DB-4ED6-B16A-6A615D3098CD}.AppStore|iPhone.Build.0 = AppStore|iPhone
		{8199CA54-42DB-4ED6-B16A-6A615D3098CD}.AppStore|iPhoneSimulator.ActiveCfg = AppStore|iPhoneSimulator
		{8199CA54-42DB-4ED6-B16A-6A615D3098CD}.AppStore|iPhoneSimulator.Build.0 = AppStore|iPhoneSimulator
		{8199CA54-42DB-4ED6-B16A-6A615D3098CD}.AppStore|x64.ActiveCfg = AppStore|iPhoneSimulator
		{8199CA54-42DB-4ED6-B16A-6A615D3098CD}.AppStore|x86.ActiveCfg = AppStore|iPhoneSimulator
		{8199CA54-42DB-4ED6-B16A-6A615D3098CD}.Debug|Any CPU.ActiveCfg = Debug|iPhoneSimulator
		{8199CA54-42DB-4ED6-B16A-6A615D3098CD}.Debug|ARM.ActiveCfg = Debug|iPhoneSimulator
		{8199CA54-42DB-4ED6-B16A-6A615D3098CD}.Debug|iPhone.ActiveCfg = Debug|iPhone
		{8199CA54-42DB-4ED6-B16A-6A615D3098CD}.Debug|iPhone.Build.0 = Debug|iPhone
		{8199CA54-42DB-4ED6-B16A-6A615D3098CD}.Debug|iPhoneSimulator.ActiveCfg = Debug|iPhoneSimulator
		{8199CA54-42DB-4ED6-B16A-6A615D3098CD}.Debug|iPhoneSimulator.Build.0 = Debug|iPhoneSimulator
		{8199CA54-42DB-4ED6-B16A-6A615D3098CD}.Debug|x64.ActiveCfg = Debug|iPhoneSimulator
		{8199CA54-42DB-4ED6-B16A-6A615D3098CD}.Debug|x86.ActiveCfg = Debug|iPhoneSimulator
		{8199CA54-42DB-4ED6-B16A-6A615D3098CD}.Release|Any CPU.ActiveCfg = Release|iPhoneSimulator
		{8199CA54-42DB-4ED6-B16A-6A615D3098CD}.Release|ARM.ActiveCfg = Release|iPhoneSimulator
		{8199CA54-42DB-4ED6-B16A-6A615D3098CD}.Release|iPhone.ActiveCfg = Release|iPhone
		{8199CA54-42DB-4ED6-B16A-6A615D3098CD}.Release|iPhone.Build.0 = Release|iPhone
		{8199CA54-42DB-4ED6-B16A-6A615D3098CD}.Release|iPhoneSimulator.ActiveCfg = Release|iPhoneSimulator
		{8199CA54-42DB-4ED6-B16A-6A615D3098CD}.Release|iPhoneSimulator.Build.0 = Release|iPhoneSimulator
		{8199CA54-42DB-4ED6-B16A-6A615D3098CD}.Release|x64.ActiveCfg = Release|iPhoneSimulator
		{8199CA54-42DB-4ED6-B16A-6A615D3098CD}.Release|x86.ActiveCfg = Release|iPhoneSimulator
		{E6A49060-1587-415C-8C23-8762670BC87F}.Ad-Hoc|Any CPU.ActiveCfg = Debug|ARM
		{E6A49060-1587-415C-8C23-8762670BC87F}.Ad-Hoc|Any CPU.Build.0 = Debug|ARM
		{E6A49060-1587-415C-8C23-8762670BC87F}.Ad-Hoc|Any CPU.Deploy.0 = Debug|ARM
		{E6A49060-1587-415C-8C23-8762670BC87F}.Ad-Hoc|ARM.ActiveCfg = Debug|ARM
		{E6A49060-1587-415C-8C23-8762670BC87F}.Ad-Hoc|ARM.Build.0 = Debug|ARM
		{E6A49060-1587-415C-8C23-8762670BC87F}.Ad-Hoc|ARM.Deploy.0 = Debug|ARM
		{E6A49060-1587-415C-8C23-8762670BC87F}.Ad-Hoc|iPhone.ActiveCfg = Debug|ARM
		{E6A49060-1587-415C-8C23-8762670BC87F}.Ad-Hoc|iPhone.Build.0 = Debug|ARM
		{E6A49060-1587-415C-8C23-8762670BC87F}.Ad-Hoc|iPhone.Deploy.0 = Debug|ARM
		{E6A49060-1587-415C-8C23-8762670BC87F}.Ad-Hoc|iPhoneSimulator.ActiveCfg = Debug|ARM
		{E6A49060-1587-415C-8C23-8762670BC87F}.Ad-Hoc|iPhoneSimulator.Build.0 = Debug|ARM
		{E6A49060-1587-415C-8C23-8762670BC87F}.Ad-Hoc|iPhoneSimulator.Deploy.0 = Debug|ARM
		{E6A49060-1587-415C-8C23-8762670BC87F}.Ad-Hoc|x64.ActiveCfg = Debug|x64
		{E6A49060-1587-415C-8C23-8762670BC87F}.Ad-Hoc|x64.Build.0 = Debug|x64
		{E6A49060-1587-415C-8C23-8762670BC87F}.Ad-Hoc|x64.Deploy.0 = Debug|x64
		{E6A49060-1587-415C-8C23-8762670BC87F}.Ad-Hoc|x86.ActiveCfg = Debug|x86
		{E6A49060-1587-415C-8C23-8762670BC87F}.Ad-Hoc|x86.Build.0 = Debug|x86
		{E6A49060-1587-415C-8C23-8762670BC87F}.Ad-Hoc|x86.Deploy.0 = Debug|x86
		{E6A49060-1587-415C-8C23-8762670BC87F}.AppStore|Any CPU.ActiveCfg = Debug|ARM
		{E6A49060-1587-415C-8C23-8762670BC87F}.AppStore|Any CPU.Build.0 = Debug|ARM
		{E6A49060-1587-415C-8C23-8762670BC87F}.AppStore|Any CPU.Deploy.0 = Debug|ARM
		{E6A49060-1587-415C-8C23-8762670BC87F}.AppStore|ARM.ActiveCfg = Debug|ARM
		{E6A49060-1587-415C-8C23-8762670BC87F}.AppStore|ARM.Build.0 = Debug|ARM
		{E6A49060-1587-415C-8C23-8762670BC87F}.AppStore|ARM.Deploy.0 = Debug|ARM
		{E6A49060-1587-415C-8C23-8762670BC87F}.AppStore|iPhone.ActiveCfg = Debug|ARM
		{E6A49060-1587-415C-8C23-8762670BC87F}.AppStore|iPhone.Build.0 = Debug|ARM
		{E6A49060-1587-415C-8C23-8762670BC87F}.AppStore|iPhone.Deploy.0 = Debug|ARM
		{E6A49060-1587-415C-8C23-8762670BC87F}.AppStore|iPhoneSimulator.ActiveCfg = Debug|ARM
		{E6A49060-1587-415C-8C23-8762670BC87F}.AppStore|iPhoneSimulator.Build.0 = Debug|ARM
		{E6A49060-1587-415C-8C23-8762670BC87F}.AppStore|iPhoneSimulator.Deploy.0 = Debug|ARM
		{E6A49060-1587-415C-8C23-8762670BC87F}.AppStore|x64.ActiveCfg = Debug|x64
		{E6A49060-1587-415C-8C23-8762670BC87F}.AppStore|x64.Build.0 = Debug|x64
		{E6A49060-1587-415C-8C23-8762670BC87F}.AppStore|x64.Deploy.0 = Debug|x64
		{E6A49060-1587-415C-8C23-8762670BC87F}.AppStore|x86.ActiveCfg = Debug|x86
		{E6A49060-1587-415C-8C23-8762670BC87F}.AppStore|x86.Build.0 = Debug|x86
		{E6A49060-1587-415C-8C23-8762670BC87F}.AppStore|x86.Deploy.0 = Debug|x86
		{E6A49060-1587-415C-8C23-8762670BC87F}.Debug|Any CPU.ActiveCfg = Debug|x86
		{E6A49060-1587-415C-8C23-8762670BC87F}.Debug|ARM.ActiveCfg = Debug|ARM
		{E6A49060-1587-415C-8C23-8762670BC87F}.Debug|ARM.Build.0 = Debug|ARM
		{E6A49060-1587-415C-8C23-8762670BC87F}.Debug|ARM.Deploy.0 = Debug|ARM
		{E6A49060-1587-415C-8C23-8762670BC87F}.Debug|iPhone.ActiveCfg = Debug|x86
		{E6A49060-1587-415C-8C23-8762670BC87F}.Debug|iPhoneSimulator.ActiveCfg = Debug|x86
		{E6A49060-1587-415C-8C23-8762670BC87F}.Debug|x64.ActiveCfg = Debug|x64
		{E6A49060-1587-415C-8C23-8762670BC87F}.Debug|x64.Build.0 = Debug|x64
		{E6A49060-1587-415C-8C23-8762670BC87F}.Debug|x64.Deploy.0 = Debug|x64
		{E6A49060-1587-415C-8C23-8762670BC87F}.Debug|x86.ActiveCfg = Debug|x86
		{E6A49060-1587-415C-8C23-8762670BC87F}.Debug|x86.Build.0 = Debug|x86
		{E6A49060-1587-415C-8C23-8762670BC87F}.Debug|x86.Deploy.0 = Debug|x86
		{E6A49060-1587-415C-8C23-8762670BC87F}.Release|Any CPU.ActiveCfg = Release|x86
		{E6A49060-1587-415C-8C23-8762670BC87F}.Release|ARM.ActiveCfg = Release|ARM
		{E6A49060-1587-415C-8C23-8762670BC87F}.Release|ARM.Build.0 = Release|ARM
		{E6A49060-1587-415C-8C23-8762670BC87F}.Release|ARM.Deploy.0 = Release|ARM
		{E6A49060-1587-415C-8C23-8762670BC87F}.Release|iPhone.ActiveCfg = Release|x86
		{E6A49060-1587-415C-8C23-8762670BC87F}.Release|iPhoneSimulator.ActiveCfg = Release|x86
		{E6A49060-1587-415C-8C23-8762670BC87F}.Release|x64.ActiveCfg = Release|x64
		{E6A49060-1587-415C-8C23-8762670BC87F}.Release|x64.Build.0 = Release|x64
		{E6A49060-1587-415C-8C23-8762670BC87F}.Release|x64.Deploy.0 = Release|x64
		{E6A49060-1587-415C-8C23-8762670BC87F}.Release|x86.ActiveCfg = Release|x86
		{E6A49060-1587-415C-8C23-8762670BC87F}.Release|x86.Build.0 = Release|x86
		{E6A49060-1587-415C-8C23-8762670BC87F}.Release|x86.Deploy.0 = Release|x86
	EndGlobalSection
	GlobalSection(SolutionProperties) = preSolution
		HideSolutionNode = FALSE
	EndGlobalSection
	GlobalSection(ExtensibilityGlobals) = postSolution
		SolutionGuid = {D5DBDBCB-5687-4461-957A-FE3F0899356B}
	EndGlobalSection
EndGlobal
